
Microsoft Visual Studio Solution File, Format Version 12.00
# Visual Studio Version 17
VisualStudioVersion = 17.8.34525.116
MinimumVisualStudioVersion = 10.0.40219.1
Project("{FAE04EC0-301F-11D3-BF4B-00C04F79EFBC}") = "CustoViagemApp", "CustoViagemApp\CustoViagemApp.csproj", "{F32372F3-9918-46EC-8DAF-FB51AC139789}"
EndProject
Global
	GlobalSection(SolutionConfigurationPlatforms) = preSolution
		Debug|Any CPU = Debug|Any CPU
		Release|Any CPU = Release|Any CPU
	EndGlobalSection
	GlobalSection(ProjectConfigurationPlatforms) = postSolution
		{F32372F3-9918-46EC-8DAF-FB51AC139789}.Debug|Any CPU.ActiveCfg = Debug|Any CPU
		{F32372F3-9918-46EC-8DAF-FB51AC139789}.Debug|Any CPU.Build.0 = Debug|Any CPU
		{F32372F3-9918-46EC-8DAF-FB51AC139789}.Debug|Any CPU.Deploy.0 = Debug|Any CPU
		{F32372F3-9918-46EC-8DAF-FB51AC139789}.Release|Any CPU.ActiveCfg = Release|Any CPU
		{F32372F3-9918-46EC-8DAF-FB51AC139789}.Release|Any CPU.Build.0 = Release|Any CPU
		{F32372F3-9918-46EC-8DAF-FB51AC139789}.Release|Any CPU.Deploy.0 = Release|Any CPU
	EndGlobalSection
	GlobalSection(SolutionProperties) = preSolution
		HideSolutionNode = FALSE
	EndGlobalSection
	GlobalSection(ExtensibilityGlobals) = postSolution
		SolutionGuid = {79C70DD3-7512-44FE-8320-16EFCA11A0DF}
	EndGlobalSection
EndGlobal
